
Microsoft Visual Studio Solution File, Format Version 12.00
# Visual Studio Version 17
VisualStudioVersion = 17.9.34728.123
MinimumVisualStudioVersion = 10.0.40219.1
Project("{8BC9CEB8-8B4A-11D0-8D11-00A0C91BC942}") = "lab3", "lab3\lab3.vcxproj", "{06E3E1FB-CB31-499C-A286-32C064F86FFD}"
EndProject
Global
	GlobalSection(SolutionConfigurationPlatforms) = preSolution
		Debug|x64 = Debug|x64
		Debug|x86 = Debug|x86
		Release|x64 = Release|x64
		Release|x86 = Release|x86
	EndGlobalSection
	GlobalSection(ProjectConfigurationPlatforms) = postSolution
		{06E3E1FB-CB31-499C-A286-32C064F86FFD}.Debug|x64.ActiveCfg = Debug|x64
		{06E3E1FB-CB31-499C-A286-32C064F86FFD}.Debug|x64.Build.0 = Debug|x64
		{06E3E1FB-CB31-499C-A286-32C064F86FFD}.Debug|x86.ActiveCfg = Debug|Win32
		{06E3E1FB-CB31-499C-A286-32C064F86FFD}.Debug|x86.Build.0 = Debug|Win32
		{06E3E1FB-CB31-499C-A286-32C064F86FFD}.Release|x64.ActiveCfg = Release|x64
		{06E3E1FB-CB31-499C-A286-32C064F86FFD}.Release|x64.Build.0 = Release|x64
		{06E3E1FB-CB31-499C-A286-32C064F86FFD}.Release|x86.ActiveCfg = Release|Win32
		{06E3E1FB-CB31-499C-A286-32C064F86FFD}.Release|x86.Build.0 = Release|Win32
	EndGlobalSection
	GlobalSection(SolutionProperties) = preSolution
		HideSolutionNode = FALSE
	EndGlobalSection
	GlobalSection(ExtensibilityGlobals) = postSolution
		SolutionGuid = {7A0615FF-5CF9-4B8E-88B6-516F17A30C1C}
	EndGlobalSection
EndGlobal
